
Microsoft Visual Studio Solution File, Format Version 12.00
Project("{FAE04EC0-301F-11D3-BF4B-00C04F79EFBC}") = "ZaString.Demo", "samples\ZaString.Demo\ZaString.Demo.csproj", "{C7C06E2A-A619-4C6A-8B87-798EF34C02BD}"
EndProject
Project("{FAE04EC0-301F-11D3-BF4B-00C04F79EFBC}") = "ZaString.Benchmarks", "tests\ZaString.Benchmarks\ZaString.Benchmarks.csproj", "{F35C3014-A624-4F58-B945-51511193D106}"
EndProject
Project("{FAE04EC0-301F-11D3-BF4B-00C04F79EFBC}") = "ZaString.Tests", "tests\ZaString.Tests\ZaString.Tests.csproj", "{6B44B7C5-B829-42D4-8AB1-9B85D82A7072}"
EndProject
Project("{2150E333-8FDC-42A3-9474-1A3956D46DE8}") = "src", "src", "{827E0CD3-B72D-47B6-A68D-7590B98EB39B}"
EndProject
Project("{FAE04EC0-301F-11D3-BF4B-00C04F79EFBC}") = "ZaString", "src\ZaString\ZaString.csproj", "{08CE1784-0E5C-4AF3-8F42-5E27FA8313CE}"
EndProject
Global
	GlobalSection(SolutionConfigurationPlatforms) = preSolution
		Debug|Any CPU = Debug|Any CPU
		Debug|x64 = Debug|x64
		Debug|x86 = Debug|x86
		Release|Any CPU = Release|Any CPU
		Release|x64 = Release|x64
		Release|x86 = Release|x86
	EndGlobalSection
	GlobalSection(ProjectConfigurationPlatforms) = postSolution
		{C7C06E2A-A619-4C6A-8B87-798EF34C02BD}.Debug|Any CPU.ActiveCfg = Debug|Any CPU
		{C7C06E2A-A619-4C6A-8B87-798EF34C02BD}.Debug|Any CPU.Build.0 = Debug|Any CPU
		{C7C06E2A-A619-4C6A-8B87-798EF34C02BD}.Debug|x64.ActiveCfg = Debug|Any CPU
		{C7C06E2A-A619-4C6A-8B87-798EF34C02BD}.Debug|x64.Build.0 = Debug|Any CPU
		{C7C06E2A-A619-4C6A-8B87-798EF34C02BD}.Debug|x86.ActiveCfg = Debug|Any CPU
		{C7C06E2A-A619-4C6A-8B87-798EF34C02BD}.Debug|x86.Build.0 = Debug|Any CPU
		{C7C06E2A-A619-4C6A-8B87-798EF34C02BD}.Release|Any CPU.ActiveCfg = Release|Any CPU
		{C7C06E2A-A619-4C6A-8B87-798EF34C02BD}.Release|Any CPU.Build.0 = Release|Any CPU
		{C7C06E2A-A619-4C6A-8B87-798EF34C02BD}.Release|x64.ActiveCfg = Release|Any CPU
		{C7C06E2A-A619-4C6A-8B87-798EF34C02BD}.Release|x64.Build.0 = Release|Any CPU
		{C7C06E2A-A619-4C6A-8B87-798EF34C02BD}.Release|x86.ActiveCfg = Release|Any CPU
		{C7C06E2A-A619-4C6A-8B87-798EF34C02BD}.Release|x86.Build.0 = Release|Any CPU
		{F35C3014-A624-4F58-B945-51511193D106}.Debug|Any CPU.ActiveCfg = Debug|Any CPU
		{F35C3014-A624-4F58-B945-51511193D106}.Debug|Any CPU.Build.0 = Debug|Any CPU
		{F35C3014-A624-4F58-B945-51511193D106}.Debug|x64.ActiveCfg = Debug|Any CPU
		{F35C3014-A624-4F58-B945-51511193D106}.Debug|x64.Build.0 = Debug|Any CPU
		{F35C3014-A624-4F58-B945-51511193D106}.Debug|x86.ActiveCfg = Debug|Any CPU
		{F35C3014-A624-4F58-B945-51511193D106}.Debug|x86.Build.0 = Debug|Any CPU
		{F35C3014-A624-4F58-B945-51511193D106}.Release|Any CPU.ActiveCfg = Release|Any CPU
		{F35C3014-A624-4F58-B945-51511193D106}.Release|Any CPU.Build.0 = Release|Any CPU
		{F35C3014-A624-4F58-B945-51511193D106}.Release|x64.ActiveCfg = Release|Any CPU
		{F35C3014-A624-4F58-B945-51511193D106}.Release|x64.Build.0 = Release|Any CPU
		{F35C3014-A624-4F58-B945-51511193D106}.Release|x86.ActiveCfg = Release|Any CPU
		{F35C3014-A624-4F58-B945-51511193D106}.Release|x86.Build.0 = Release|Any CPU
		{6B44B7C5-B829-42D4-8AB1-9B85D82A7072}.Debug|Any CPU.ActiveCfg = Debug|Any CPU
		{6B44B7C5-B829-42D4-8AB1-9B85D82A7072}.Debug|Any CPU.Build.0 = Debug|Any CPU
		{6B44B7C5-B829-42D4-8AB1-9B85D82A7072}.Debug|x64.ActiveCfg = Debug|Any CPU
		{6B44B7C5-B829-42D4-8AB1-9B85D82A7072}.Debug|x64.Build.0 = Debug|Any CPU
		{6B44B7C5-B829-42D4-8AB1-9B85D82A7072}.Debug|x86.ActiveCfg = Debug|Any CPU
		{6B44B7C5-B829-42D4-8AB1-9B85D82A7072}.Debug|x86.Build.0 = Debug|Any CPU
		{6B44B7C5-B829-42D4-8AB1-9B85D82A7072}.Release|Any CPU.ActiveCfg = Release|Any CPU
		{6B44B7C5-B829-42D4-8AB1-9B85D82A7072}.Release|Any CPU.Build.0 = Release|Any CPU
		{6B44B7C5-B829-42D4-8AB1-9B85D82A7072}.Release|x64.ActiveCfg = Release|Any CPU
		{6B44B7C5-B829-42D4-8AB1-9B85D82A7072}.Release|x64.Build.0 = Release|Any CPU
		{6B44B7C5-B829-42D4-8AB1-9B85D82A7072}.Release|x86.ActiveCfg = Release|Any CPU
		{6B44B7C5-B829-42D4-8AB1-9B85D82A7072}.Release|x86.Build.0 = Release|Any CPU
		{08CE1784-0E5C-4AF3-8F42-5E27FA8313CE}.Debug|Any CPU.ActiveCfg = Debug|Any CPU
		{08CE1784-0E5C-4AF3-8F42-5E27FA8313CE}.Debug|Any CPU.Build.0 = Debug|Any CPU
		{08CE1784-0E5C-4AF3-8F42-5E27FA8313CE}.Debug|x64.ActiveCfg = Debug|Any CPU
		{08CE1784-0E5C-4AF3-8F42-5E27FA8313CE}.Debug|x64.Build.0 = Debug|Any CPU
		{08CE1784-0E5C-4AF3-8F42-5E27FA8313CE}.Debug|x86.ActiveCfg = Debug|Any CPU
		{08CE1784-0E5C-4AF3-8F42-5E27FA8313CE}.Debug|x86.Build.0 = Debug|Any CPU
		{08CE1784-0E5C-4AF3-8F42-5E27FA8313CE}.Release|Any CPU.ActiveCfg = Release|Any CPU
		{08CE1784-0E5C-4AF3-8F42-5E27FA8313CE}.Release|Any CPU.Build.0 = Release|Any CPU
		{08CE1784-0E5C-4AF3-8F42-5E27FA8313CE}.Release|x64.ActiveCfg = Release|Any CPU
		{08CE1784-0E5C-4AF3-8F42-5E27FA8313CE}.Release|x64.Build.0 = Release|Any CPU
		{08CE1784-0E5C-4AF3-8F42-5E27FA8313CE}.Release|x86.ActiveCfg = Release|Any CPU
		{08CE1784-0E5C-4AF3-8F42-5E27FA8313CE}.Release|x86.Build.0 = Release|Any CPU
	EndGlobalSection
	GlobalSection(SolutionProperties) = preSolution
		HideSolutionNode = FALSE
	EndGlobalSection
	GlobalSection(NestedProjects) = preSolution
		{08CE1784-0E5C-4AF3-8F42-5E27FA8313CE} = {827E0CD3-B72D-47B6-A68D-7590B98EB39B}
	EndGlobalSection
EndGlobal
